
Microsoft Visual Studio Solution File, Format Version 12.00
# Visual Studio Version 16
VisualStudioVersion = 16.0.31205.134
MinimumVisualStudioVersion = 10.0.40219.1
Project("{9A19103F-16F7-4668-BE54-9A1E7A4F7556}") = "ES.FileUploading.API", "ES.FileUploading.API\ES.FileUploading.API.csproj", "{C3D5E19F-C5B2-40C4-BD9F-0011A2C2F785}"
EndProject
Project("{9A19103F-16F7-4668-BE54-9A1E7A4F7556}") = "ES.FileUploading.Entities", "ES.FileUploading.Entities\ES.FileUploading.Entities.csproj", "{A68F525A-495E-4701-8C5F-29001549B604}"
EndProject
Project("{9A19103F-16F7-4668-BE54-9A1E7A4F7556}") = "ES.FileUploading.Business", "ES.FileUploading.Business\ES.FileUploading.Business.csproj", "{BB7293E1-3875-48FE-9259-C1D393BDD17E}"
EndProject
Project("{9A19103F-16F7-4668-BE54-9A1E7A4F7556}") = "ES.FileUploading.DataAccess", "ES.FileUploading.DataAccess\ES.FileUploading.DataAccess.csproj", "{42386EDE-4F08-496E-947F-8B5E30DCDF62}"
EndProject
Project("{FAE04EC0-301F-11D3-BF4B-00C04F79EFBC}") = "Es.FileUploading.TestLab", "Es.FileUploading.TestLab\Es.FileUploading.TestLab.csproj", "{5B2DBA58-E36A-4933-A565-CEEF33CA74BE}"
EndProject
Global
	GlobalSection(SolutionConfigurationPlatforms) = preSolution
		Debug|Any CPU = Debug|Any CPU
		Release|Any CPU = Release|Any CPU
	EndGlobalSection
	GlobalSection(ProjectConfigurationPlatforms) = postSolution
		{C3D5E19F-C5B2-40C4-BD9F-0011A2C2F785}.Debug|Any CPU.ActiveCfg = Debug|Any CPU
		{C3D5E19F-C5B2-40C4-BD9F-0011A2C2F785}.Debug|Any CPU.Build.0 = Debug|Any CPU
		{C3D5E19F-C5B2-40C4-BD9F-0011A2C2F785}.Release|Any CPU.ActiveCfg = Release|Any CPU
		{C3D5E19F-C5B2-40C4-BD9F-0011A2C2F785}.Release|Any CPU.Build.0 = Release|Any CPU
		{A68F525A-495E-4701-8C5F-29001549B604}.Debug|Any CPU.ActiveCfg = Debug|Any CPU
		{A68F525A-495E-4701-8C5F-29001549B604}.Debug|Any CPU.Build.0 = Debug|Any CPU
		{A68F525A-495E-4701-8C5F-29001549B604}.Release|Any CPU.ActiveCfg = Release|Any CPU
		{A68F525A-495E-4701-8C5F-29001549B604}.Release|Any CPU.Build.0 = Release|Any CPU
		{BB7293E1-3875-48FE-9259-C1D393BDD17E}.Debug|Any CPU.ActiveCfg = Debug|Any CPU
		{BB7293E1-3875-48FE-9259-C1D393BDD17E}.Debug|Any CPU.Build.0 = Debug|Any CPU
		{BB7293E1-3875-48FE-9259-C1D393BDD17E}.Release|Any CPU.ActiveCfg = Release|Any CPU
		{BB7293E1-3875-48FE-9259-C1D393BDD17E}.Release|Any CPU.Build.0 = Release|Any CPU
		{42386EDE-4F08-496E-947F-8B5E30DCDF62}.Debug|Any CPU.ActiveCfg = Debug|Any CPU
		{42386EDE-4F08-496E-947F-8B5E30DCDF62}.Debug|Any CPU.Build.0 = Debug|Any CPU
		{42386EDE-4F08-496E-947F-8B5E30DCDF62}.Release|Any CPU.ActiveCfg = Release|Any CPU
		{42386EDE-4F08-496E-947F-8B5E30DCDF62}.Release|Any CPU.Build.0 = Release|Any CPU
		{5B2DBA58-E36A-4933-A565-CEEF33CA74BE}.Debug|Any CPU.ActiveCfg = Debug|Any CPU
		{5B2DBA58-E36A-4933-A565-CEEF33CA74BE}.Debug|Any CPU.Build.0 = Debug|Any CPU
		{5B2DBA58-E36A-4933-A565-CEEF33CA74BE}.Release|Any CPU.ActiveCfg = Release|Any CPU
		{5B2DBA58-E36A-4933-A565-CEEF33CA74BE}.Release|Any CPU.Build.0 = Release|Any CPU
	EndGlobalSection
	GlobalSection(SolutionProperties) = preSolution
		HideSolutionNode = FALSE
	EndGlobalSection
	GlobalSection(ExtensibilityGlobals) = postSolution
		SolutionGuid = {D14B2941-B039-4490-B52B-B4FF72604E42}
	EndGlobalSection
EndGlobal
